{
    "_meta": {
        "hash": {
            "sha256": "e2d97396466d342a7abd86e4309b83e44381decaf0f92b3b1109c454f9f48cce"
        },
        "pipfile-spec": 6,
        "requires": {
            "python_version": "3.6"
        },
        "sources": [
            {
                "name": "pypi",
                "url": "https://pypi.python.org/simple",
                "verify_ssl": true
            }
        ]
    },
    "default": {
        "boxing": {
            "hashes": [
                "sha256:707221c4d946b330d4ca885bdbf48ed46644fae0abf34246a0dcdd24e4faa628",
                "sha256:76fa658edab8344c0917db4b3d543c89340deca602c6736837c206f127ded296",
                "sha256:b9141bd02d0fb5ebda881e727e16ce7c89034773282b29b8ce938a8117e79d1b"
            ],
            "index": "pypi",
            "version": "==0.1.4"
        },
        "certifi": {
            "hashes": [
                "sha256:e4f3620cfea4f83eedc95b24abd9cd56f3c4b146dd0177e83a21b4eb49e21e50",
                "sha256:fd7c7c74727ddcf00e9acd26bba8da604ffec95bf1c2144e67aff7a8b50e6cef"
            ],
            "version": "==2019.9.11"
        },
        "chardet": {
            "hashes": [
                "sha256:84ab92ed1c4d4f16916e05906b6b75a6c0fb5db821cc65e70cbd64a3e2a5eaae",
                "sha256:fc323ffcaeaed0e0a02bf4d117757b98aed530d9ed4531e3e15460124c106691"
            ],
            "version": "==3.0.4"
        },
        "colored": {
            "hashes": [
                "sha256:8296ea990e3f6b7822f44eec21408b126dfb9c1c031306b859e3f7d46cc27075"
            ],
            "index": "pypi",
            "version": "==1.3.93"
        },
        "idna": {
            "hashes": [
                "sha256:c357b3f628cf53ae2c4c05627ecc484553142ca23264e593d327bcde5e9c3407",
                "sha256:ea8b7f6188e6fa117537c3df7da9fc686d485087abf6ac197f9c46432f7e4a3c"
            ],
            "version": "==2.8"
        },
        "pkg-info": {
            "hashes": [
                "sha256:3bf78d0ff4c3579ba254c015ee6121e668367dd78e2ad1f61ccd78935c1e31f6",
                "sha256:c78be136ba61c5ff19480ead15d6eb6c95037a570174db909dc8d2b67a788ed5"
            ],
            "index": "pypi",
            "version": "==0.1.2"
        },
        "requests": {
            "hashes": [
                "sha256:11e007a8a2aa0323f5a921e9e6a2d7e4e67d9877e85773fba9ba6419025cbeb4",
                "sha256:9cf5292fcd0f598c671cfc1e0d7d1a7f13bb8085e9a590f48c010551dc6c4b31"
            ],
            "version": "==2.22.0"
        },
        "semver": {
            "hashes": [
                "sha256:aa1c6be3bf23e346e00c509a7ee87735a7e0fd6b404cf066037cfeab2c770320",
                "sha256:ed1edeaa0c27f68feb74f09f715077fd07b728446dc2bb7fc470fc0f737873a0"
            ],
            "index": "pypi",
            "version": "==2.9.0"
        },
        "urllib3": {
            "hashes": [
                "sha256:3de946ffbed6e6746608990594d08faac602528ac7015ac28d33cee6a45b7398",
                "sha256:9a107b99a5393caf59c7aa3c1249c16e6879447533d0887f4336dde834c7be86"
            ],
            "version": "==1.25.6"
        }
    },
    "develop": {}
}
