{
    "_meta": {
        "hash": {
            "sha256": "88d942d62081e743fcd4ac915316e0549e486ecfbaac67248d2a8df5a5dd91a8"
        },
        "pipfile-spec": 6,
        "requires": {
            "python_version": "3.6"
        },
        "sources": [
            {
                "name": "pypi",
                "url": "https://pypi.python.org/simple",
                "verify_ssl": true
            }
        ]
    },
    "default": {
        "boxing": {
            "hashes": [
                "sha256:3457e5f7f65ee7331971780aaf01909bb14cf74057fe1f77d5094b1272f864c5",
                "sha256:49f94c41db9d302d110ddfc4585ea0bd420b339f2403d48c99f1bd4285b7bb36",
                "sha256:4e93d5dda1963f48429e052cbe506ff768bd8a15e4c4bf3381fb8b90c17d9373"
            ],
            "index": "pypi",
            "version": "==0.1.3"
        },
        "certifi": {
            "hashes": [
                "sha256:14131608ad2fd56836d33a71ee60fa1c82bc9d2c8d98b7bdbc631fe1b3cd1296",
                "sha256:edbc3f203427eef571f79a7692bb160a2b0f7ccaa31953e99bd17e307cf63f7d"
            ],
            "version": "==2018.1.18"
        },
        "chardet": {
            "hashes": [
                "sha256:84ab92ed1c4d4f16916e05906b6b75a6c0fb5db821cc65e70cbd64a3e2a5eaae",
                "sha256:fc323ffcaeaed0e0a02bf4d117757b98aed530d9ed4531e3e15460124c106691"
            ],
            "version": "==3.0.4"
        },
        "idna": {
            "hashes": [
                "sha256:2c6a5de3089009e3da7c5dde64a141dbc8551d5b7f6cf4ed7c2568d0cc520a8f",
                "sha256:8c7309c718f94b3a625cb648ace320157ad16ff131ae0af362c9f21b80ef6ec4"
            ],
            "version": "==2.6"
        },
        "pkg-info": {
            "hashes": [
                "sha256:3bf78d0ff4c3579ba254c015ee6121e668367dd78e2ad1f61ccd78935c1e31f6",
                "sha256:57442678d62f29d4e797f06d41c6b36cd40b38f19d876a483543c309d735ada7",
                "sha256:c78be136ba61c5ff19480ead15d6eb6c95037a570174db909dc8d2b67a788ed5"
            ],
            "index": "pypi",
            "version": "==0.1.2"
        },
        "requests": {
            "hashes": [
                "sha256:6a1b267aa90cac58ac3a765d067950e7dbbf75b1da07e895d1f594193a40a38b",
                "sha256:9c443e7324ba5b85070c4a818ade28bfabedf16ea10206da1132edaa6dda237e"
            ],
            "version": "==2.18.4"
        },
        "semver": {
            "hashes": [
                "sha256:1ffb55fb86a076cf7c161e6b5931f7da59f15abe217e0f24cea96cc8eec50f42"
            ],
            "index": "pypi",
            "version": "==2.7.9"
        },
        "urllib3": {
            "hashes": [
                "sha256:06330f386d6e4b195fbfc736b297f58c5a892e4440e54d294d7004e3a9bbea1b",
                "sha256:cc44da8e1145637334317feebd728bd869a35285b93cbb4cca2577da7e62db4f"
            ],
            "version": "==1.22"
        }
    },
    "develop": {}
}
