{
    "_meta": {
        "hash": {
            "sha256": "e2d97396466d342a7abd86e4309b83e44381decaf0f92b3b1109c454f9f48cce"
        },
        "pipfile-spec": 6,
        "requires": {
            "python_version": "3.6"
        },
        "sources": [
            {
                "name": "pypi",
                "url": "https://pypi.python.org/simple",
                "verify_ssl": true
            }
        ]
    },
    "default": {
        "boxing": {
            "hashes": [
                "sha256:35c702569b5b673a1760a3a746dd2ad32e8e6ccdb7820cd7bd9a439ad45014e5",
                "sha256:42618438974b81008d92203f4133a26c0cd584eadaf11993a03f839bbbf5ebff",
                "sha256:707221c4d946b330d4ca885bdbf48ed46644fae0abf34246a0dcdd24e4faa628",
                "sha256:76fa658edab8344c0917db4b3d543c89340deca602c6736837c206f127ded296",
                "sha256:b9141bd02d0fb5ebda881e727e16ce7c89034773282b29b8ce938a8117e79d1b"
            ],
            "index": "pypi",
            "version": "==0.1.4"
        },
        "certifi": {
            "hashes": [
                "sha256:78884e7c1d4b00ce3cea67b44566851c4343c120abd683433ce934a68ea58872",
                "sha256:d62a0163eb4c2344ac042ab2bdf75399a71a2d8c7d47eac2e2ee91b9d6339569"
            ],
            "version": "==2021.10.8"
        },
        "charset-normalizer": {
            "hashes": [
                "sha256:e019de665e2bcf9c2b64e2e5aa025fa991da8720daa3c1138cadd2fd1856aed0",
                "sha256:f7af805c321bfa1ce6714c51f254e0d5bb5e5834039bc17db7ebe3a4cec9492b"
            ],
            "markers": "python_version >= '3'",
            "version": "==2.0.7"
        },
        "colored": {
            "hashes": [
                "sha256:b7b48b9f40e8a65bbb54813d5d79dd008dc8b8c5638d5bbfd30fc5a82e6def7a"
            ],
            "index": "pypi",
            "version": "==1.4.3"
        },
        "idna": {
            "hashes": [
                "sha256:84d9dd047ffa80596e0f246e2eab0b391788b0503584e8945f2368256d2735ff",
                "sha256:9d643ff0a55b762d5cdb124b8eaa99c66322e2157b69160bc32796e824360e6d"
            ],
            "markers": "python_version >= '3'",
            "version": "==3.3"
        },
        "pkg-info": {
            "hashes": [
                "sha256:3bf78d0ff4c3579ba254c015ee6121e668367dd78e2ad1f61ccd78935c1e31f6",
                "sha256:57442678d62f29d4e797f06d41c6b36cd40b38f19d876a483543c309d735ada7",
                "sha256:c78be136ba61c5ff19480ead15d6eb6c95037a570174db909dc8d2b67a788ed5"
            ],
            "index": "pypi",
            "version": "==0.1.2"
        },
        "requests": {
            "hashes": [
                "sha256:6c1246513ecd5ecd4528a0906f910e8f0f9c6b8ec72030dc9fd154dc1a6efd24",
                "sha256:b8aa58f8cf793ffd8782d3d8cb19e66ef36f7aba4353eec859e74678b01b07a7"
            ],
            "markers": "python_version >= '2.7' and python_version not in '3.0, 3.1, 3.2, 3.3, 3.4, 3.5'",
            "version": "==2.26.0"
        },
        "semver": {
            "hashes": [
                "sha256:21eb9deafc627dfd122e294f96acd0deadf1b5b7758ab3bbdf3698155dca4705",
                "sha256:b08a84f604ef579e474ce448672a05c8d50d1ee0b24cee9fb58a12b260e4d0dc"
            ],
            "index": "pypi",
            "version": "==2.10.1"
        },
        "urllib3": {
            "hashes": [
                "sha256:4987c65554f7a2dbf30c18fd48778ef124af6fab771a377103da0585e2336ece",
                "sha256:c4fdf4019605b6e5423637e01bc9fe4daef873709a7973e195ceba0a62bbc844"
            ],
            "markers": "python_version >= '2.7' and python_version not in '3.0, 3.1, 3.2, 3.3, 3.4' and python_version < '4'",
            "version": "==1.26.7"
        }
    },
    "develop": {}
}
